// !$*UTF8*$!
{
	archiveVersion = 1;
	classes = {
	};
	objectVersion = 56;
	objects = {

/* Begin PBXBuildFile section */
		864438782BBE2A1400F6B28C /* DailyScrum.swift in Sources */ = {isa = PBXBuildFile; fileRef = 864438772BBE2A1400F6B28C /* DailyScrum.swift */; };
		8644387A2BBE2FA900F6B28C /* CardView.swift in Sources */ = {isa = PBXBuildFile; fileRef = 864438792BBE2FA900F6B28C /* CardView.swift */; };
		8644387C2BBE4F4500F6B28C /* TrailingIconLabelStyle.swift in Sources */ = {isa = PBXBuildFile; fileRef = 8644387B2BBE4F4500F6B28C /* TrailingIconLabelStyle.swift */; };
		8644387E2BBE745000F6B28C /* ScrumsView.swift in Sources */ = {isa = PBXBuildFile; fileRef = 8644387D2BBE745000F6B28C /* ScrumsView.swift */; };
		864438802BBE81A900F6B28C /* Theme.swift in Sources */ = {isa = PBXBuildFile; fileRef = 8644387F2BBE81A900F6B28C /* Theme.swift */; };
		864438832BBF609E00F6B28C /* DetailView.swift in Sources */ = {isa = PBXBuildFile; fileRef = 864438822BBF609E00F6B28C /* DetailView.swift */; };
		864438852BC0CD6100F6B28C /* DetailEditView.swift in Sources */ = {isa = PBXBuildFile; fileRef = 864438842BC0CD6100F6B28C /* DetailEditView.swift */; };
		864438872BC1DF4900F6B28C /* ThemeView.swift in Sources */ = {isa = PBXBuildFile; fileRef = 864438862BC1DF4900F6B28C /* ThemeView.swift */; };
		864438892BC1E17D00F6B28C /* ThemePicker.swift in Sources */ = {isa = PBXBuildFile; fileRef = 864438882BC1E17D00F6B28C /* ThemePicker.swift */; };
		86B3D7E12AEF9DD30018A0FA /* ScrumdingerApp.swift in Sources */ = {isa = PBXBuildFile; fileRef = 86B3D7E02AEF9DD30018A0FA /* ScrumdingerApp.swift */; };
		86B3D7E32AEF9DD30018A0FA /* MeetingView.swift in Sources */ = {isa = PBXBuildFile; fileRef = 86B3D7E22AEF9DD30018A0FA /* MeetingView.swift */; };
		86B3D7E52AEF9DD40018A0FA /* Assets.xcassets in Resources */ = {isa = PBXBuildFile; fileRef = 86B3D7E42AEF9DD40018A0FA /* Assets.xcassets */; };
		86B3D7E82AEF9DD40018A0FA /* Preview Assets.xcassets in Resources */ = {isa = PBXBuildFile; fileRef = 86B3D7E72AEF9DD40018A0FA /* Preview Assets.xcassets */; };
		86B3D7F22AEF9DD40018A0FA /* ScrumdingerTests.swift in Sources */ = {isa = PBXBuildFile; fileRef = 86B3D7F12AEF9DD40018A0FA /* ScrumdingerTests.swift */; };
		86B3D7FC2AEF9DD40018A0FA /* ScrumdingerUITests.swift in Sources */ = {isa = PBXBuildFile; fileRef = 86B3D7FB2AEF9DD40018A0FA /* ScrumdingerUITests.swift */; };
		86B3D7FE2AEF9DD40018A0FA /* ScrumdingerUITestsLaunchTests.swift in Sources */ = {isa = PBXBuildFile; fileRef = 86B3D7FD2AEF9DD40018A0FA /* ScrumdingerUITestsLaunchTests.swift */; };
/* End PBXBuildFile section */

/* Begin PBXContainerItemProxy section */
		86B3D7EE2AEF9DD40018A0FA /* PBXContainerItemProxy */ = {
			isa = PBXContainerItemProxy;
			containerPortal = 86B3D7D52AEF9DD30018A0FA /* Project object */;
			proxyType = 1;
			remoteGlobalIDString = 86B3D7DC2AEF9DD30018A0FA;
			remoteInfo = Scrumdinger;
		};
		86B3D7F82AEF9DD40018A0FA /* PBXContainerItemProxy */ = {
			isa = PBXContainerItemProxy;
			containerPortal = 86B3D7D52AEF9DD30018A0FA /* Project object */;
			proxyType = 1;
			remoteGlobalIDString = 86B3D7DC2AEF9DD30018A0FA;
			remoteInfo = Scrumdinger;
		};
/* End PBXContainerItemProxy section */

/* Begin PBXFileReference section */
		864438772BBE2A1400F6B28C /* DailyScrum.swift */ = {isa = PBXFileReference; lastKnownFileType = sourcecode.swift; path = DailyScrum.swift; sourceTree = "<group>"; };
		864438792BBE2FA900F6B28C /* CardView.swift */ = {isa = PBXFileReference; lastKnownFileType = sourcecode.swift; path = CardView.swift; sourceTree = "<group>"; };
		8644387B2BBE4F4500F6B28C /* TrailingIconLabelStyle.swift */ = {isa = PBXFileReference; lastKnownFileType = sourcecode.swift; path = TrailingIconLabelStyle.swift; sourceTree = "<group>"; };
		8644387D2BBE745000F6B28C /* ScrumsView.swift */ = {isa = PBXFileReference; lastKnownFileType = sourcecode.swift; path = ScrumsView.swift; sourceTree = "<group>"; };
		8644387F2BBE81A900F6B28C /* Theme.swift */ = {isa = PBXFileReference; lastKnownFileType = sourcecode.swift; path = Theme.swift; sourceTree = "<group>"; };
		864438822BBF609E00F6B28C /* DetailView.swift */ = {isa = PBXFileReference; lastKnownFileType = sourcecode.swift; path = DetailView.swift; sourceTree = "<group>"; };
		864438842BC0CD6100F6B28C /* DetailEditView.swift */ = {isa = PBXFileReference; lastKnownFileType = sourcecode.swift; path = DetailEditView.swift; sourceTree = "<group>"; };
		864438862BC1DF4900F6B28C /* ThemeView.swift */ = {isa = PBXFileReference; lastKnownFileType = sourcecode.swift; path = ThemeView.swift; sourceTree = "<group>"; };
		864438882BC1E17D00F6B28C /* ThemePicker.swift */ = {isa = PBXFileReference; lastKnownFileType = sourcecode.swift; path = ThemePicker.swift; sourceTree = "<group>"; };
		86B3D7DD2AEF9DD30018A0FA /* Scrumdinger.app */ = {isa = PBXFileReference; explicitFileType = wrapper.application; includeInIndex = 0; path = Scrumdinger.app; sourceTree = BUILT_PRODUCTS_DIR; };
		86B3D7E02AEF9DD30018A0FA /* ScrumdingerApp.swift */ = {isa = PBXFileReference; lastKnownFileType = sourcecode.swift; path = ScrumdingerApp.swift; sourceTree = "<group>"; };
		86B3D7E22AEF9DD30018A0FA /* MeetingView.swift */ = {isa = PBXFileReference; lastKnownFileType = sourcecode.swift; path = MeetingView.swift; sourceTree = "<group>"; };
		86B3D7E42AEF9DD40018A0FA /* Assets.xcassets */ = {isa = PBXFileReference; lastKnownFileType = folder.assetcatalog; path = Assets.xcassets; sourceTree = "<group>"; };
		86B3D7E72AEF9DD40018A0FA /* Preview Assets.xcassets */ = {isa = PBXFileReference; lastKnownFileType = folder.assetcatalog; path = "Preview Assets.xcassets"; sourceTree = "<group>"; };
		86B3D7ED2AEF9DD40018A0FA /* ScrumdingerTests.xctest */ = {isa = PBXFileReference; explicitFileType = wrapper.cfbundle; includeInIndex = 0; path = ScrumdingerTests.xctest; sourceTree = BUILT_PRODUCTS_DIR; };
		86B3D7F12AEF9DD40018A0FA /* ScrumdingerTests.swift */ = {isa = PBXFileReference; lastKnownFileType = sourcecode.swift; path = ScrumdingerTests.swift; sourceTree = "<group>"; };
		86B3D7F72AEF9DD40018A0FA /* ScrumdingerUITests.xctest */ = {isa = PBXFileReference; explicitFileType = wrapper.cfbundle; includeInIndex = 0; path = ScrumdingerUITests.xctest; sourceTree = BUILT_PRODUCTS_DIR; };
		86B3D7FB2AEF9DD40018A0FA /* ScrumdingerUITests.swift */ = {isa = PBXFileReference; lastKnownFileType = sourcecode.swift; path = ScrumdingerUITests.swift; sourceTree = "<group>"; };
		86B3D7FD2AEF9DD40018A0FA /* ScrumdingerUITestsLaunchTests.swift */ = {isa = PBXFileReference; lastKnownFileType = sourcecode.swift; path = ScrumdingerUITestsLaunchTests.swift; sourceTree = "<group>"; };
/* End PBXFileReference section */

/* Begin PBXFrameworksBuildPhase section */
		86B3D7DA2AEF9DD30018A0FA /* Frameworks */ = {
			isa = PBXFrameworksBuildPhase;
			buildActionMask = 2147483647;
			files = (
			);
			runOnlyForDeploymentPostprocessing = 0;
		};
		86B3D7EA2AEF9DD40018A0FA /* Frameworks */ = {
			isa = PBXFrameworksBuildPhase;
			buildActionMask = 2147483647;
			files = (
			);
			runOnlyForDeploymentPostprocessing = 0;
		};
		86B3D7F42AEF9DD40018A0FA /* Frameworks */ = {
			isa = PBXFrameworksBuildPhase;
			buildActionMask = 2147483647;
			files = (
			);
			runOnlyForDeploymentPostprocessing = 0;
		};
/* End PBXFrameworksBuildPhase section */

/* Begin PBXGroup section */
		864438742BBE27BF00F6B28C /* Models */ = {
			isa = PBXGroup;
			children = (
				864438772BBE2A1400F6B28C /* DailyScrum.swift */,
				8644387F2BBE81A900F6B28C /* Theme.swift */,
			);
			path = Models;
			sourceTree = "<group>";
		};
		864438812BBF605600F6B28C /* Views */ = {
			isa = PBXGroup;
			children = (
				864438792BBE2FA900F6B28C /* CardView.swift */,
				8644387D2BBE745000F6B28C /* ScrumsView.swift */,
				86B3D7E22AEF9DD30018A0FA /* MeetingView.swift */,
				8644387B2BBE4F4500F6B28C /* TrailingIconLabelStyle.swift */,
				864438822BBF609E00F6B28C /* DetailView.swift */,
				864438842BC0CD6100F6B28C /* DetailEditView.swift */,
				864438862BC1DF4900F6B28C /* ThemeView.swift */,
				864438882BC1E17D00F6B28C /* ThemePicker.swift */,
			);
			path = Views;
			sourceTree = "<group>";
		};
		86B3D7D42AEF9DD30018A0FA = {
			isa = PBXGroup;
			children = (
				86B3D7DF2AEF9DD30018A0FA /* Scrumdinger */,
				86B3D7F02AEF9DD40018A0FA /* ScrumdingerTests */,
				86B3D7FA2AEF9DD40018A0FA /* ScrumdingerUITests */,
				86B3D7DE2AEF9DD30018A0FA /* Products */,
			);
			sourceTree = "<group>";
		};
		86B3D7DE2AEF9DD30018A0FA /* Products */ = {
			isa = PBXGroup;
			children = (
				86B3D7DD2AEF9DD30018A0FA /* Scrumdinger.app */,
				86B3D7ED2AEF9DD40018A0FA /* ScrumdingerTests.xctest */,
				86B3D7F72AEF9DD40018A0FA /* ScrumdingerUITests.xctest */,
			);
			name = Products;
			sourceTree = "<group>";
		};
		86B3D7DF2AEF9DD30018A0FA /* Scrumdinger */ = {
			isa = PBXGroup;
			children = (
				86B3D7E02AEF9DD30018A0FA /* ScrumdingerApp.swift */,
				864438812BBF605600F6B28C /* Views */,
				864438742BBE27BF00F6B28C /* Models */,
				86B3D7E42AEF9DD40018A0FA /* Assets.xcassets */,
				86B3D7E62AEF9DD40018A0FA /* Preview Content */,
			);
			path = Scrumdinger;
			sourceTree = "<group>";
		};
		86B3D7E62AEF9DD40018A0FA /* Preview Content */ = {
			isa = PBXGroup;
			children = (
				86B3D7E72AEF9DD40018A0FA /* Preview Assets.xcassets */,
			);
			path = "Preview Content";
			sourceTree = "<group>";
		};
		86B3D7F02AEF9DD40018A0FA /* ScrumdingerTests */ = {
			isa = PBXGroup;
			children = (
				86B3D7F12AEF9DD40018A0FA /* ScrumdingerTests.swift */,
			);
			path = ScrumdingerTests;
			sourceTree = "<group>";
		};
		86B3D7FA2AEF9DD40018A0FA /* ScrumdingerUITests */ = {
			isa = PBXGroup;
			children = (
				86B3D7FB2AEF9DD40018A0FA /* ScrumdingerUITests.swift */,
				86B3D7FD2AEF9DD40018A0FA /* ScrumdingerUITestsLaunchTests.swift */,
			);
			path = ScrumdingerUITests;
			sourceTree = "<group>";
		};
/* End PBXGroup section */

/* Begin PBXNativeTarget section */
		86B3D7DC2AEF9DD30018A0FA /* Scrumdinger */ = {
			isa = PBXNativeTarget;
			buildConfigurationList = 86B3D8012AEF9DD40018A0FA /* Build configuration list for PBXNativeTarget "Scrumdinger" */;
			buildPhases = (
				86B3D7D92AEF9DD30018A0FA /* Sources */,
				86B3D7DA2AEF9DD30018A0FA /* Frameworks */,
				86B3D7DB2AEF9DD30018A0FA /* Resources */,
			);
			buildRules = (
			);
			dependencies = (
			);
			name = Scrumdinger;
			productName = Scrumdinger;
			productReference = 86B3D7DD2AEF9DD30018A0FA /* Scrumdinger.app */;
			productType = "com.apple.product-type.application";
		};
		86B3D7EC2AEF9DD40018A0FA /* ScrumdingerTests */ = {
			isa = PBXNativeTarget;
			buildConfigurationList = 86B3D8042AEF9DD40018A0FA /* Build configuration list for PBXNativeTarget "ScrumdingerTests" */;
			buildPhases = (
				86B3D7E92AEF9DD40018A0FA /* Sources */,
				86B3D7EA2AEF9DD40018A0FA /* Frameworks */,
				86B3D7EB2AEF9DD40018A0FA /* Resources */,
			);
			buildRules = (
			);
			dependencies = (
				86B3D7EF2AEF9DD40018A0FA /* PBXTargetDependency */,
			);
			name = ScrumdingerTests;
			productName = ScrumdingerTests;
			productReference = 86B3D7ED2AEF9DD40018A0FA /* ScrumdingerTests.xctest */;
			productType = "com.apple.product-type.bundle.unit-test";
		};
		86B3D7F62AEF9DD40018A0FA /* ScrumdingerUITests */ = {
			isa = PBXNativeTarget;
			buildConfigurationList = 86B3D8072AEF9DD40018A0FA /* Build configuration list for PBXNativeTarget "ScrumdingerUITests" */;
			buildPhases = (
				86B3D7F32AEF9DD40018A0FA /* Sources */,
				86B3D7F42AEF9DD40018A0FA /* Frameworks */,
				86B3D7F52AEF9DD40018A0FA /* Resources */,
			);
			buildRules = (
			);
			dependencies = (
				86B3D7F92AEF9DD40018A0FA /* PBXTargetDependency */,
			);
			name = ScrumdingerUITests;
			productName = ScrumdingerUITests;
			productReference = 86B3D7F72AEF9DD40018A0FA /* ScrumdingerUITests.xctest */;
			productType = "com.apple.product-type.bundle.ui-testing";
		};
/* End PBXNativeTarget section */

/* Begin PBXProject section */
		86B3D7D52AEF9DD30018A0FA /* Project object */ = {
			isa = PBXProject;
			attributes = {
				BuildIndependentTargetsInParallel = 1;
				LastSwiftUpdateCheck = 1500;
				LastUpgradeCheck = 1500;
				TargetAttributes = {
					86B3D7DC2AEF9DD30018A0FA = {
						CreatedOnToolsVersion = 15.0;
					};
					86B3D7EC2AEF9DD40018A0FA = {
						CreatedOnToolsVersion = 15.0;
						TestTargetID = 86B3D7DC2AEF9DD30018A0FA;
					};
					86B3D7F62AEF9DD40018A0FA = {
						CreatedOnToolsVersion = 15.0;
						TestTargetID = 86B3D7DC2AEF9DD30018A0FA;
					};
				};
			};
			buildConfigurationList = 86B3D7D82AEF9DD30018A0FA /* Build configuration list for PBXProject "Scrumdinger" */;
			compatibilityVersion = "Xcode 14.0";
			developmentRegion = en;
			hasScannedForEncodings = 0;
			knownRegions = (
				en,
				Base,
			);
			mainGroup = 86B3D7D42AEF9DD30018A0FA;
			productRefGroup = 86B3D7DE2AEF9DD30018A0FA /* Products */;
			projectDirPath = "";
			projectRoot = "";
			targets = (
				86B3D7DC2AEF9DD30018A0FA /* Scrumdinger */,
				86B3D7EC2AEF9DD40018A0FA /* ScrumdingerTests */,
				86B3D7F62AEF9DD40018A0FA /* ScrumdingerUITests */,
			);
		};
/* End PBXProject section */

/* Begin PBXResourcesBuildPhase section */
		86B3D7DB2AEF9DD30018A0FA /* Resources */ = {
			isa = PBXResourcesBuildPhase;
			buildActionMask = 2147483647;
			files = (
				86B3D7E82AEF9DD40018A0FA /* Preview Assets.xcassets in Resources */,
				86B3D7E52AEF9DD40018A0FA /* Assets.xcassets in Resources */,
			);
			runOnlyForDeploymentPostprocessing = 0;
		};
		86B3D7EB2AEF9DD40018A0FA /* Resources */ = {
			isa = PBXResourcesBuildPhase;
			buildActionMask = 2147483647;
			files = (
			);
			runOnlyForDeploymentPostprocessing = 0;
		};
		86B3D7F52AEF9DD40018A0FA /* Resources */ = {
			isa = PBXResourcesBuildPhase;
			buildActionMask = 2147483647;
			files = (
			);
			runOnlyForDeploymentPostprocessing = 0;
		};
/* End PBXResourcesBuildPhase section */

/* Begin PBXSourcesBuildPhase section */
		86B3D7D92AEF9DD30018A0FA /* Sources */ = {
			isa = PBXSourcesBuildPhase;
			buildActionMask = 2147483647;
			files = (
				864438892BC1E17D00F6B28C /* ThemePicker.swift in Sources */,
				864438782BBE2A1400F6B28C /* DailyScrum.swift in Sources */,
				864438832BBF609E00F6B28C /* DetailView.swift in Sources */,
				864438852BC0CD6100F6B28C /* DetailEditView.swift in Sources */,
				8644387C2BBE4F4500F6B28C /* TrailingIconLabelStyle.swift in Sources */,
				8644387E2BBE745000F6B28C /* ScrumsView.swift in Sources */,
				86B3D7E32AEF9DD30018A0FA /* MeetingView.swift in Sources */,
				86B3D7E12AEF9DD30018A0FA /* ScrumdingerApp.swift in Sources */,
				8644387A2BBE2FA900F6B28C /* CardView.swift in Sources */,
				864438872BC1DF4900F6B28C /* ThemeView.swift in Sources */,
				864438802BBE81A900F6B28C /* Theme.swift in Sources */,
			);
			runOnlyForDeploymentPostprocessing = 0;
		};
		86B3D7E92AEF9DD40018A0FA /* Sources */ = {
			isa = PBXSourcesBuildPhase;
			buildActionMask = 2147483647;
			files = (
				86B3D7F22AEF9DD40018A0FA /* ScrumdingerTests.swift in Sources */,
			);
			runOnlyForDeploymentPostprocessing = 0;
		};
		86B3D7F32AEF9DD40018A0FA /* Sources */ = {
			isa = PBXSourcesBuildPhase;
			buildActionMask = 2147483647;
			files = (
				86B3D7FE2AEF9DD40018A0FA /* ScrumdingerUITestsLaunchTests.swift in Sources */,
				86B3D7FC2AEF9DD40018A0FA /* ScrumdingerUITests.swift in Sources */,
			);
			runOnlyForDeploymentPostprocessing = 0;
		};
/* End PBXSourcesBuildPhase section */

/* Begin PBXTargetDependency section */
		86B3D7EF2AEF9DD40018A0FA /* PBXTargetDependency */ = {
			isa = PBXTargetDependency;
			target = 86B3D7DC2AEF9DD30018A0FA /* Scrumdinger */;
			targetProxy = 86B3D7EE2AEF9DD40018A0FA /* PBXContainerItemProxy */;
		};
		86B3D7F92AEF9DD40018A0FA /* PBXTargetDependency */ = {
			isa = PBXTargetDependency;
			target = 86B3D7DC2AEF9DD30018A0FA /* Scrumdinger */;
			targetProxy = 86B3D7F82AEF9DD40018A0FA /* PBXContainerItemProxy */;
		};
/* End PBXTargetDependency section */

/* Begin XCBuildConfiguration section */
		86B3D7FF2AEF9DD40018A0FA /* Debug */ = {
			isa = XCBuildConfiguration;
			buildSettings = {
				ALWAYS_SEARCH_USER_PATHS = NO;
				ASSETCATALOG_COMPILER_GENERATE_SWIFT_ASSET_SYMBOL_EXTENSIONS = YES;
				CLANG_ANALYZER_NONNULL = YES;
				CLANG_ANALYZER_NUMBER_OBJECT_CONVERSION = YES_AGGRESSIVE;
				CLANG_CXX_LANGUAGE_STANDARD = "gnu++20";
				CLANG_ENABLE_MODULES = YES;
				CLANG_ENABLE_OBJC_ARC = YES;
				CLANG_ENABLE_OBJC_WEAK = YES;
				CLANG_WARN_BLOCK_CAPTURE_AUTORELEASING = YES;
				CLANG_WARN_BOOL_CONVERSION = YES;
				CLANG_WARN_COMMA = YES;
				CLANG_WARN_CONSTANT_CONVERSION = YES;
				CLANG_WARN_DEPRECATED_OBJC_IMPLEMENTATIONS = YES;
				CLANG_WARN_DIRECT_OBJC_ISA_USAGE = YES_ERROR;
				CLANG_WARN_DOCUMENTATION_COMMENTS = YES;
				CLANG_WARN_EMPTY_BODY = YES;
				CLANG_WARN_ENUM_CONVERSION = YES;
				CLANG_WARN_INFINITE_RECURSION = YES;
				CLANG_WARN_INT_CONVERSION = YES;
				CLANG_WARN_NON_LITERAL_NULL_CONVERSION = YES;
				CLANG_WARN_OBJC_IMPLICIT_RETAIN_SELF = YES;
				CLANG_WARN_OBJC_LITERAL_CONVERSION = YES;
				CLANG_WARN_OBJC_ROOT_CLASS = YES_ERROR;
				CLANG_WARN_QUOTED_INCLUDE_IN_FRAMEWORK_HEADER = YES;
				CLANG_WARN_RANGE_LOOP_ANALYSIS = YES;
				CLANG_WARN_STRICT_PROTOTYPES = YES;
				CLANG_WARN_SUSPICIOUS_MOVE = YES;
				CLANG_WARN_UNGUARDED_AVAILABILITY = YES_AGGRESSIVE;
				CLANG_WARN_UNREACHABLE_CODE = YES;
				CLANG_WARN__DUPLICATE_METHOD_MATCH = YES;
				COPY_PHASE_STRIP = NO;
				DEBUG_INFORMATION_FORMAT = dwarf;
				ENABLE_STRICT_OBJC_MSGSEND = YES;
				ENABLE_TESTABILITY = YES;
				ENABLE_USER_SCRIPT_SANDBOXING = YES;
				GCC_C_LANGUAGE_STANDARD = gnu17;
				GCC_DYNAMIC_NO_PIC = NO;
				GCC_NO_COMMON_BLOCKS = YES;
				GCC_OPTIMIZATION_LEVEL = 0;
				GCC_PREPROCESSOR_DEFINITIONS = (
					"DEBUG=1",
					"$(inherited)",
				);
				GCC_WARN_64_TO_32_BIT_CONVERSION = YES;
				GCC_WARN_ABOUT_RETURN_TYPE = YES_ERROR;
				GCC_WARN_UNDECLARED_SELECTOR = YES;
				GCC_WARN_UNINITIALIZED_AUTOS = YES_AGGRESSIVE;
				GCC_WARN_UNUSED_FUNCTION = YES;
				GCC_WARN_UNUSED_VARIABLE = YES;
				IPHONEOS_DEPLOYMENT_TARGET = 17.0;
				LOCALIZATION_PREFERS_STRING_CATALOGS = YES;
				MTL_ENABLE_DEBUG_INFO = INCLUDE_SOURCE;
				MTL_FAST_MATH = YES;
				ONLY_ACTIVE_ARCH = YES;
				SDKROOT = iphoneos;
				SWIFT_ACTIVE_COMPILATION_CONDITIONS = "DEBUG $(inherited)";
				SWIFT_OPTIMIZATION_LEVEL = "-Onone";
			};
			name = Debug;
		};
		86B3D8002AEF9DD40018A0FA /* Release */ = {
			isa = XCBuildConfiguration;
			buildSettings = {
				ALWAYS_SEARCH_USER_PATHS = NO;
				ASSETCATALOG_COMPILER_GENERATE_SWIFT_ASSET_SYMBOL_EXTENSIONS = YES;
				CLANG_ANALYZER_NONNULL = YES;
				CLANG_ANALYZER_NUMBER_OBJECT_CONVERSION = YES_AGGRESSIVE;
				CLANG_CXX_LANGUAGE_STANDARD = "gnu++20";
				CLANG_ENABLE_MODULES = YES;
				CLANG_ENABLE_OBJC_ARC = YES;
				CLANG_ENABLE_OBJC_WEAK = YES;
				CLANG_WARN_BLOCK_CAPTURE_AUTORELEASING = YES;
				CLANG_WARN_BOOL_CONVERSION = YES;
				CLANG_WARN_COMMA = YES;
				CLANG_WARN_CONSTANT_CONVERSION = YES;
				CLANG_WARN_DEPRECATED_OBJC_IMPLEMENTATIONS = YES;
				CLANG_WARN_DIRECT_OBJC_ISA_USAGE = YES_ERROR;
				CLANG_WARN_DOCUMENTATION_COMMENTS = YES;
				CLANG_WARN_EMPTY_BODY = YES;
				CLANG_WARN_ENUM_CONVERSION = YES;
				CLANG_WARN_INFINITE_RECURSION = YES;
				CLANG_WARN_INT_CONVERSION = YES;
				CLANG_WARN_NON_LITERAL_NULL_CONVERSION = YES;
				CLANG_WARN_OBJC_IMPLICIT_RETAIN_SELF = YES;
				CLANG_WARN_OBJC_LITERAL_CONVERSION = YES;
				CLANG_WARN_OBJC_ROOT_CLASS = YES_ERROR;
				CLANG_WARN_QUOTED_INCLUDE_IN_FRAMEWORK_HEADER = YES;
				CLANG_WARN_RANGE_LOOP_ANALYSIS = YES;
				CLANG_WARN_STRICT_PROTOTYPES = YES;
				CLANG_WARN_SUSPICIOUS_MOVE = YES;
				CLANG_WARN_UNGUARDED_AVAILABILITY = YES_AGGRESSIVE;
				CLANG_WARN_UNREACHABLE_CODE = YES;
				CLANG_WARN__DUPLICATE_METHOD_MATCH = YES;
				COPY_PHASE_STRIP = NO;
				DEBUG_INFORMATION_FORMAT = "dwarf-with-dsym";
				ENABLE_NS_ASSERTIONS = NO;
				ENABLE_STRICT_OBJC_MSGSEND = YES;
				ENABLE_USER_SCRIPT_SANDBOXING = YES;
				GCC_C_LANGUAGE_STANDARD = gnu17;
				GCC_NO_COMMON_BLOCKS = YES;
				GCC_WARN_64_TO_32_BIT_CONVERSION = YES;
				GCC_WARN_ABOUT_RETURN_TYPE = YES_ERROR;
				GCC_WARN_UNDECLARED_SELECTOR = YES;
				GCC_WARN_UNINITIALIZED_AUTOS = YES_AGGRESSIVE;
				GCC_WARN_UNUSED_FUNCTION = YES;
				GCC_WARN_UNUSED_VARIABLE = YES;
				IPHONEOS_DEPLOYMENT_TARGET = 17.0;
				LOCALIZATION_PREFERS_STRING_CATALOGS = YES;
				MTL_ENABLE_DEBUG_INFO = NO;
				MTL_FAST_MATH = YES;
				SDKROOT = iphoneos;
				SWIFT_COMPILATION_MODE = wholemodule;
				VALIDATE_PRODUCT = YES;
			};
			name = Release;
		};
		86B3D8022AEF9DD40018A0FA /* Debug */ = {
			isa = XCBuildConfiguration;
			buildSettings = {
				ASSETCATALOG_COMPILER_APPICON_NAME = AppIcon;
				ASSETCATALOG_COMPILER_GLOBAL_ACCENT_COLOR_NAME = AccentColor;
				CODE_SIGN_STYLE = Automatic;
				CURRENT_PROJECT_VERSION = 1;
				DEVELOPMENT_ASSET_PATHS = "\"Scrumdinger/Preview Content\"";
				DEVELOPMENT_TEAM = QB6FYF8GJ8;
				ENABLE_PREVIEWS = YES;
				GENERATE_INFOPLIST_FILE = YES;
				INFOPLIST_KEY_UIApplicationSceneManifest_Generation = YES;
				INFOPLIST_KEY_UIApplicationSupportsIndirectInputEvents = YES;
				INFOPLIST_KEY_UILaunchScreen_Generation = YES;
				INFOPLIST_KEY_UISupportedInterfaceOrientations_iPad = "UIInterfaceOrientationPortrait UIInterfaceOrientationPortraitUpsideDown UIInterfaceOrientationLandscapeLeft UIInterfaceOrientationLandscapeRight";
				INFOPLIST_KEY_UISupportedInterfaceOrientations_iPhone = "UIInterfaceOrientationPortrait UIInterfaceOrientationLandscapeLeft UIInterfaceOrientationLandscapeRight";
				LD_RUNPATH_SEARCH_PATHS = (
					"$(inherited)",
					"@executable_path/Frameworks",
				);
				MARKETING_VERSION = 1.0;
				PRODUCT_BUNDLE_IDENTIFIER = projects.Scrumdinger;
				PRODUCT_NAME = "$(TARGET_NAME)";
				SWIFT_EMIT_LOC_STRINGS = YES;
				SWIFT_VERSION = 5.0;
				TARGETED_DEVICE_FAMILY = "1,2";
			};
			name = Debug;
		};
		86B3D8032AEF9DD40018A0FA /* Release */ = {
			isa = XCBuildConfiguration;
			buildSettings = {
				ASSETCATALOG_COMPILER_APPICON_NAME = AppIcon;
				ASSETCATALOG_COMPILER_GLOBAL_ACCENT_COLOR_NAME = AccentColor;
				CODE_SIGN_STYLE = Automatic;
				CURRENT_PROJECT_VERSION = 1;
				DEVELOPMENT_ASSET_PATHS = "\"Scrumdinger/Preview Content\"";
				DEVELOPMENT_TEAM = QB6FYF8GJ8;
				ENABLE_PREVIEWS = YES;
				GENERATE_INFOPLIST_FILE = YES;
				INFOPLIST_KEY_UIApplicationSceneManifest_Generation = YES;
				INFOPLIST_KEY_UIApplicationSupportsIndirectInputEvents = YES;
				INFOPLIST_KEY_UILaunchScreen_Generation = YES;
				INFOPLIST_KEY_UISupportedInterfaceOrientations_iPad = "UIInterfaceOrientationPortrait UIInterfaceOrientationPortraitUpsideDown UIInterfaceOrientationLandscapeLeft UIInterfaceOrientationLandscapeRight";
				INFOPLIST_KEY_UISupportedInterfaceOrientations_iPhone = "UIInterfaceOrientationPortrait UIInterfaceOrientationLandscapeLeft UIInterfaceOrientationLandscapeRight";
				LD_RUNPATH_SEARCH_PATHS = (
					"$(inherited)",
					"@executable_path/Frameworks",
				);
				MARKETING_VERSION = 1.0;
				PRODUCT_BUNDLE_IDENTIFIER = projects.Scrumdinger;
				PRODUCT_NAME = "$(TARGET_NAME)";
				SWIFT_EMIT_LOC_STRINGS = YES;
				SWIFT_VERSION = 5.0;
				TARGETED_DEVICE_FAMILY = "1,2";
			};
			name = Release;
		};
		86B3D8052AEF9DD40018A0FA /* Debug */ = {
			isa = XCBuildConfiguration;
			buildSettings = {
				ALWAYS_EMBED_SWIFT_STANDARD_LIBRARIES = YES;
				BUNDLE_LOADER = "$(TEST_HOST)";
				CODE_SIGN_STYLE = Automatic;
				CURRENT_PROJECT_VERSION = 1;
				DEVELOPMENT_TEAM = QB6FYF8GJ8;
				GENERATE_INFOPLIST_FILE = YES;
				IPHONEOS_DEPLOYMENT_TARGET = 17.0;
				MARKETING_VERSION = 1.0;
				PRODUCT_BUNDLE_IDENTIFIER = projects.ScrumdingerTests;
				PRODUCT_NAME = "$(TARGET_NAME)";
				SWIFT_EMIT_LOC_STRINGS = NO;
				SWIFT_VERSION = 5.0;
				TARGETED_DEVICE_FAMILY = "1,2";
				TEST_HOST = "$(BUILT_PRODUCTS_DIR)/Scrumdinger.app/$(BUNDLE_EXECUTABLE_FOLDER_PATH)/Scrumdinger";
			};
			name = Debug;
		};
		86B3D8062AEF9DD40018A0FA /* Release */ = {
			isa = XCBuildConfiguration;
			buildSettings = {
				ALWAYS_EMBED_SWIFT_STANDARD_LIBRARIES = YES;
				BUNDLE_LOADER = "$(TEST_HOST)";
				CODE_SIGN_STYLE = Automatic;
				CURRENT_PROJECT_VERSION = 1;
				DEVELOPMENT_TEAM = QB6FYF8GJ8;
				GENERATE_INFOPLIST_FILE = YES;
				IPHONEOS_DEPLOYMENT_TARGET = 17.0;
				MARKETING_VERSION = 1.0;
				PRODUCT_BUNDLE_IDENTIFIER = projects.ScrumdingerTests;
				PRODUCT_NAME = "$(TARGET_NAME)";
				SWIFT_EMIT_LOC_STRINGS = NO;
				SWIFT_VERSION = 5.0;
				TARGETED_DEVICE_FAMILY = "1,2";
				TEST_HOST = "$(BUILT_PRODUCTS_DIR)/Scrumdinger.app/$(BUNDLE_EXECUTABLE_FOLDER_PATH)/Scrumdinger";
			};
			name = Release;
		};
		86B3D8082AEF9DD40018A0FA /* Debug */ = {
			isa = XCBuildConfiguration;
			buildSettings = {
				ALWAYS_EMBED_SWIFT_STANDARD_LIBRARIES = YES;
				CODE_SIGN_STYLE = Automatic;
				CURRENT_PROJECT_VERSION = 1;
				DEVELOPMENT_TEAM = QB6FYF8GJ8;
				GENERATE_INFOPLIST_FILE = YES;
				MARKETING_VERSION = 1.0;
				PRODUCT_BUNDLE_IDENTIFIER = projects.ScrumdingerUITests;
				PRODUCT_NAME = "$(TARGET_NAME)";
				SWIFT_EMIT_LOC_STRINGS = NO;
				SWIFT_VERSION = 5.0;
				TARGETED_DEVICE_FAMILY = "1,2";
				TEST_TARGET_NAME = Scrumdinger;
			};
			name = Debug;
		};
		86B3D8092AEF9DD40018A0FA /* Release */ = {
			isa = XCBuildConfiguration;
			buildSettings = {
				ALWAYS_EMBED_SWIFT_STANDARD_LIBRARIES = YES;
				CODE_SIGN_STYLE = Automatic;
				CURRENT_PROJECT_VERSION = 1;
				DEVELOPMENT_TEAM = QB6FYF8GJ8;
				GENERATE_INFOPLIST_FILE = YES;
				MARKETING_VERSION = 1.0;
				PRODUCT_BUNDLE_IDENTIFIER = projects.ScrumdingerUITests;
				PRODUCT_NAME = "$(TARGET_NAME)";
				SWIFT_EMIT_LOC_STRINGS = NO;
				SWIFT_VERSION = 5.0;
				TARGETED_DEVICE_FAMILY = "1,2";
				TEST_TARGET_NAME = Scrumdinger;
			};
			name = Release;
		};
/* End XCBuildConfiguration section */

/* Begin XCConfigurationList section */
		86B3D7D82AEF9DD30018A0FA /* Build configuration list for PBXProject "Scrumdinger" */ = {
			isa = XCConfigurationList;
			buildConfigurations = (
				86B3D7FF2AEF9DD40018A0FA /* Debug */,
				86B3D8002AEF9DD40018A0FA /* Release */,
			);
			defaultConfigurationIsVisible = 0;
			defaultConfigurationName = Release;
		};
		86B3D8012AEF9DD40018A0FA /* Build configuration list for PBXNativeTarget "Scrumdinger" */ = {
			isa = XCConfigurationList;
			buildConfigurations = (
				86B3D8022AEF9DD40018A0FA /* Debug */,
				86B3D8032AEF9DD40018A0FA /* Release */,
			);
			defaultConfigurationIsVisible = 0;
			defaultConfigurationName = Release;
		};
		86B3D8042AEF9DD40018A0FA /* Build configuration list for PBXNativeTarget "ScrumdingerTests" */ = {
			isa = XCConfigurationList;
			buildConfigurations = (
				86B3D8052AEF9DD40018A0FA /* Debug */,
				86B3D8062AEF9DD40018A0FA /* Release */,
			);
			defaultConfigurationIsVisible = 0;
			defaultConfigurationName = Release;
		};
		86B3D8072AEF9DD40018A0FA /* Build configuration list for PBXNativeTarget "ScrumdingerUITests" */ = {
			isa = XCConfigurationList;
			buildConfigurations = (
				86B3D8082AEF9DD40018A0FA /* Debug */,
				86B3D8092AEF9DD40018A0FA /* Release */,
			);
			defaultConfigurationIsVisible = 0;
			defaultConfigurationName = Release;
		};
/* End XCConfigurationList section */
	};
	rootObject = 86B3D7D52AEF9DD30018A0FA /* Project object */;
}
